
Microsoft Visual Studio Solution File, Format Version 12.00
# Visual Studio 2012
Project("{FAE04EC0-301F-11D3-BF4B-00C04F79EFBC}") = "OpenSslTokenDecryptor", "OpenSslTokenDecryptor\OpenSslTokenDecryptor.csproj", "{3371353D-02B5-4318-BCA3-2811E003770D}"
EndProject
Project("{FAE04EC0-301F-11D3-BF4B-00C04F79EFBC}") = "OpenSslTokenDecryptorTests", "OpenSslTokenDecryptorTests\OpenSslTokenDecryptorTests.csproj", "{CEE05E2C-2785-4F06-A9DC-D9CA3CA01C7B}"
EndProject
Global
	GlobalSection(SolutionConfigurationPlatforms) = preSolution
		Debug|Any CPU = Debug|Any CPU
		Release|Any CPU = Release|Any CPU
	EndGlobalSection
	GlobalSection(ProjectConfigurationPlatforms) = postSolution
		{3371353D-02B5-4318-BCA3-2811E003770D}.Debug|Any CPU.ActiveCfg = Debug|Any CPU
		{3371353D-02B5-4318-BCA3-2811E003770D}.Debug|Any CPU.Build.0 = Debug|Any CPU
		{3371353D-02B5-4318-BCA3-2811E003770D}.Release|Any CPU.ActiveCfg = Release|Any CPU
		{3371353D-02B5-4318-BCA3-2811E003770D}.Release|Any CPU.Build.0 = Release|Any CPU
		{CEE05E2C-2785-4F06-A9DC-D9CA3CA01C7B}.Debug|Any CPU.ActiveCfg = Debug|Any CPU
		{CEE05E2C-2785-4F06-A9DC-D9CA3CA01C7B}.Debug|Any CPU.Build.0 = Debug|Any CPU
		{CEE05E2C-2785-4F06-A9DC-D9CA3CA01C7B}.Release|Any CPU.ActiveCfg = Release|Any CPU
		{CEE05E2C-2785-4F06-A9DC-D9CA3CA01C7B}.Release|Any CPU.Build.0 = Release|Any CPU
	EndGlobalSection
	GlobalSection(SolutionProperties) = preSolution
		HideSolutionNode = FALSE
	EndGlobalSection
EndGlobal
